github.com/Vasiliy82/ak_go/format v1.0.0 h1:36dx85ofcG713/jJpmM+8BRqyuVrkUKZZjkJKv3v+Io=
github.com/Vasiliy82/ak_go/format v1.0.0/go.mod h1:wdzZ0f6wyDi3pLf/AqcHLZY/nHgGy29i++9vdiTD7Bk=
github.com/Vasiliy82/ak_go/format v1.1.0 h1:aEML9EcCVj2O1tL2P6JBgV0RKTQYbWedj4uRu3XsJP0=
github.com/Vasiliy82/ak_go/format v1.1.0/go.mod h1:wdzZ0f6wyDi3pLf/AqcHLZY/nHgGy29i++9vdiTD7Bk=
