github.com/Vasiliy82/ak_go/format v1.1.0 h1:aEML9EcCVj2O1tL2P6JBgV0RKTQYbWedj4uRu3XsJP0=
github.com/Vasiliy82/ak_go/format v1.1.0/go.mod h1:wdzZ0f6wyDi3pLf/AqcHLZY/nHgGy29i++9vdiTD7Bk=
github.com/Vasiliy82/ak_go/format/v2 v2.0.0 h1:jMwE7VmqonOwKHTcLRT27qBFynNdzhtZ86kB1z3eWz4=
github.com/Vasiliy82/ak_go/format/v2 v2.0.0/go.mod h1:aCHjjsrQVhQqZUeo9qFDF/4f20m9V4N1j0w21fl84gM=
